
Microsoft Visual Studio Solution File, Format Version 12.00
# Visual Studio Version 17
VisualStudioVersion = 17.5.002.0
MinimumVisualStudioVersion = 10.0.40219.1
Project("{9A19103F-16F7-4668-BE54-9A1E7A4F7556}") = "RickAndMorty", "RickAndMorty.csproj", "{27E1ADF5-C91C-4E86-8E7E-F2C1E2A9D0B5}"
EndProject
Global
	GlobalSection(SolutionConfigurationPlatforms) = preSolution
		Debug|Any CPU = Debug|Any CPU
		Release|Any CPU = Release|Any CPU
	EndGlobalSection
	GlobalSection(ProjectConfigurationPlatforms) = postSolution
		{27E1ADF5-C91C-4E86-8E7E-F2C1E2A9D0B5}.Debug|Any CPU.ActiveCfg = Debug|Any CPU
		{27E1ADF5-C91C-4E86-8E7E-F2C1E2A9D0B5}.Debug|Any CPU.Build.0 = Debug|Any CPU
		{27E1ADF5-C91C-4E86-8E7E-F2C1E2A9D0B5}.Release|Any CPU.ActiveCfg = Release|Any CPU
		{27E1ADF5-C91C-4E86-8E7E-F2C1E2A9D0B5}.Release|Any CPU.Build.0 = Release|Any CPU
	EndGlobalSection
	GlobalSection(SolutionProperties) = preSolution
		HideSolutionNode = FALSE
	EndGlobalSection
	GlobalSection(ExtensibilityGlobals) = postSolution
		SolutionGuid = {AD985750-FC3B-48B2-A515-50CDEA51394A}
	EndGlobalSection
EndGlobal
